
Microsoft Visual Studio Solution File, Format Version 12.00
# Visual Studio 2013
VisualStudioVersion = 12.0.21005.1
MinimumVisualStudioVersion = 10.0.40219.1
Project("{FAE04EC0-301F-11D3-BF4B-00C04F79EFBC}") = "Model", "Model\Model.csproj", "{651C5762-A7D2-43D8-AD9F-EE423A323CC1}"
EndProject
Project("{FAE04EC0-301F-11D3-BF4B-00C04F79EFBC}") = "Core", "Core\Core.csproj", "{B5306CC9-2E70-4940-8A7E-6F3BC7C86576}"
EndProject
Project("{FAE04EC0-301F-11D3-BF4B-00C04F79EFBC}") = "Core.Tests", "Core.Tests\Core.Tests.csproj", "{7EDB2F59-D89A-4954-8C4E-B1A860E4E1A6}"
EndProject
Project("{FAE04EC0-301F-11D3-BF4B-00C04F79EFBC}") = "TestUtility", "TestUtility\TestUtility.csproj", "{BEEBE7BF-0922-418F-B503-86AD5EDE9F56}"
EndProject
Project("{FAE04EC0-301F-11D3-BF4B-00C04F79EFBC}") = "Commands", "Commands\Commands.csproj", "{D2D0050F-6249-450C-A790-1512B654DB5A}"
EndProject
Project("{FAE04EC0-301F-11D3-BF4B-00C04F79EFBC}") = "Commands.Tests", "Commands.Tests\Commands.Tests.csproj", "{DECA8332-2A1F-4863-B371-711CD92D70CD}"
EndProject
Project("{FAE04EC0-301F-11D3-BF4B-00C04F79EFBC}") = "AdminWeb", "AdminWeb\AdminWeb.csproj", "{BD19EF98-22D4-4612-A1A3-97E4E9955687}"
EndProject
Global
	GlobalSection(SolutionConfigurationPlatforms) = preSolution
		Debug|Any CPU = Debug|Any CPU
		Release|Any CPU = Release|Any CPU
	EndGlobalSection
	GlobalSection(ProjectConfigurationPlatforms) = postSolution
		{651C5762-A7D2-43D8-AD9F-EE423A323CC1}.Debug|Any CPU.ActiveCfg = Debug|Any CPU
		{651C5762-A7D2-43D8-AD9F-EE423A323CC1}.Debug|Any CPU.Build.0 = Debug|Any CPU
		{651C5762-A7D2-43D8-AD9F-EE423A323CC1}.Release|Any CPU.ActiveCfg = Release|Any CPU
		{651C5762-A7D2-43D8-AD9F-EE423A323CC1}.Release|Any CPU.Build.0 = Release|Any CPU
		{B5306CC9-2E70-4940-8A7E-6F3BC7C86576}.Debug|Any CPU.ActiveCfg = Debug|Any CPU
		{B5306CC9-2E70-4940-8A7E-6F3BC7C86576}.Debug|Any CPU.Build.0 = Debug|Any CPU
		{B5306CC9-2E70-4940-8A7E-6F3BC7C86576}.Release|Any CPU.ActiveCfg = Release|Any CPU
		{B5306CC9-2E70-4940-8A7E-6F3BC7C86576}.Release|Any CPU.Build.0 = Release|Any CPU
		{7EDB2F59-D89A-4954-8C4E-B1A860E4E1A6}.Debug|Any CPU.ActiveCfg = Debug|Any CPU
		{7EDB2F59-D89A-4954-8C4E-B1A860E4E1A6}.Debug|Any CPU.Build.0 = Debug|Any CPU
		{7EDB2F59-D89A-4954-8C4E-B1A860E4E1A6}.Release|Any CPU.ActiveCfg = Release|Any CPU
		{7EDB2F59-D89A-4954-8C4E-B1A860E4E1A6}.Release|Any CPU.Build.0 = Release|Any CPU
		{BEEBE7BF-0922-418F-B503-86AD5EDE9F56}.Debug|Any CPU.ActiveCfg = Debug|Any CPU
		{BEEBE7BF-0922-418F-B503-86AD5EDE9F56}.Debug|Any CPU.Build.0 = Debug|Any CPU
		{BEEBE7BF-0922-418F-B503-86AD5EDE9F56}.Release|Any CPU.ActiveCfg = Release|Any CPU
		{BEEBE7BF-0922-418F-B503-86AD5EDE9F56}.Release|Any CPU.Build.0 = Release|Any CPU
		{D2D0050F-6249-450C-A790-1512B654DB5A}.Debug|Any CPU.ActiveCfg = Debug|Any CPU
		{D2D0050F-6249-450C-A790-1512B654DB5A}.Debug|Any CPU.Build.0 = Debug|Any CPU
		{D2D0050F-6249-450C-A790-1512B654DB5A}.Release|Any CPU.ActiveCfg = Release|Any CPU
		{D2D0050F-6249-450C-A790-1512B654DB5A}.Release|Any CPU.Build.0 = Release|Any CPU
		{DECA8332-2A1F-4863-B371-711CD92D70CD}.Debug|Any CPU.ActiveCfg = Debug|Any CPU
		{DECA8332-2A1F-4863-B371-711CD92D70CD}.Debug|Any CPU.Build.0 = Debug|Any CPU
		{DECA8332-2A1F-4863-B371-711CD92D70CD}.Release|Any CPU.ActiveCfg = Release|Any CPU
		{DECA8332-2A1F-4863-B371-711CD92D70CD}.Release|Any CPU.Build.0 = Release|Any CPU
		{BD19EF98-22D4-4612-A1A3-97E4E9955687}.Debug|Any CPU.ActiveCfg = Debug|Any CPU
		{BD19EF98-22D4-4612-A1A3-97E4E9955687}.Debug|Any CPU.Build.0 = Debug|Any CPU
		{BD19EF98-22D4-4612-A1A3-97E4E9955687}.Release|Any CPU.ActiveCfg = Release|Any CPU
		{BD19EF98-22D4-4612-A1A3-97E4E9955687}.Release|Any CPU.Build.0 = Release|Any CPU
	EndGlobalSection
	GlobalSection(SolutionProperties) = preSolution
		HideSolutionNode = FALSE
	EndGlobalSection
EndGlobal
